
Microsoft Visual Studio Solution File, Format Version 12.00
# Visual Studio Version 17
VisualStudioVersion = 17.4.33213.308
MinimumVisualStudioVersion = 10.0.40219.1
Project("{FAE04EC0-301F-11D3-BF4B-00C04F79EFBC}") = "DS_DOTNET", "DS_DOTNET\DS_DOTNET.csproj", "{E504DF75-3FA9-4A08-AADE-6BA7E27C1081}"
EndProject
Project("{FAE04EC0-301F-11D3-BF4B-00C04F79EFBC}") = "TestProject1", "TestProject1\TestProject1.csproj", "{1F81BFCB-C840-4B70-82A3-986ACD82A2E1}"
EndProject
Global
	GlobalSection(SolutionConfigurationPlatforms) = preSolution
		Debug|Any CPU = Debug|Any CPU
		Release|Any CPU = Release|Any CPU
	EndGlobalSection
	GlobalSection(ProjectConfigurationPlatforms) = postSolution
		{E504DF75-3FA9-4A08-AADE-6BA7E27C1081}.Debug|Any CPU.ActiveCfg = Debug|Any CPU
		{E504DF75-3FA9-4A08-AADE-6BA7E27C1081}.Debug|Any CPU.Build.0 = Debug|Any CPU
		{E504DF75-3FA9-4A08-AADE-6BA7E27C1081}.Release|Any CPU.ActiveCfg = Release|Any CPU
		{E504DF75-3FA9-4A08-AADE-6BA7E27C1081}.Release|Any CPU.Build.0 = Release|Any CPU
		{1F81BFCB-C840-4B70-82A3-986ACD82A2E1}.Debug|Any CPU.ActiveCfg = Debug|Any CPU
		{1F81BFCB-C840-4B70-82A3-986ACD82A2E1}.Debug|Any CPU.Build.0 = Debug|Any CPU
		{1F81BFCB-C840-4B70-82A3-986ACD82A2E1}.Release|Any CPU.ActiveCfg = Release|Any CPU
		{1F81BFCB-C840-4B70-82A3-986ACD82A2E1}.Release|Any CPU.Build.0 = Release|Any CPU
	EndGlobalSection
	GlobalSection(SolutionProperties) = preSolution
		HideSolutionNode = FALSE
	EndGlobalSection
	GlobalSection(ExtensibilityGlobals) = postSolution
		SolutionGuid = {2E9CF9A4-1B6A-49DB-BFE7-D57505A72618}
	EndGlobalSection
EndGlobal
